
Microsoft Visual Studio Solution File, Format Version 12.00
# Visual Studio Version 16
VisualStudioVersion = 16.0.29905.134
MinimumVisualStudioVersion = 10.0.40219.1
Project("{FAE04EC0-301F-11D3-BF4B-00C04F79EFBC}") = "RowingLookbook_backend", "RowingLookbook_backend\RowingLookbook_backend.csproj", "{1BACD835-B965-4EF9-B1C6-E731EB4CB9B7}"
EndProject
Global
	GlobalSection(SolutionConfigurationPlatforms) = preSolution
		Debug|Any CPU = Debug|Any CPU
		Release|Any CPU = Release|Any CPU
	EndGlobalSection
	GlobalSection(ProjectConfigurationPlatforms) = postSolution
		{1BACD835-B965-4EF9-B1C6-E731EB4CB9B7}.Debug|Any CPU.ActiveCfg = Debug|Any CPU
		{1BACD835-B965-4EF9-B1C6-E731EB4CB9B7}.Debug|Any CPU.Build.0 = Debug|Any CPU
		{1BACD835-B965-4EF9-B1C6-E731EB4CB9B7}.Release|Any CPU.ActiveCfg = Release|Any CPU
		{1BACD835-B965-4EF9-B1C6-E731EB4CB9B7}.Release|Any CPU.Build.0 = Release|Any CPU
	EndGlobalSection
	GlobalSection(SolutionProperties) = preSolution
		HideSolutionNode = FALSE
	EndGlobalSection
	GlobalSection(ExtensibilityGlobals) = postSolution
		SolutionGuid = {74C45A0C-2BAC-469B-9905-BA0B158856CC}
	EndGlobalSection
EndGlobal
